version = 1
requires-python = ">=3.11"

[[package]]
name = "pmpp"
version = "0.1.0"
source = { virtual = "." }
dependencies = [
    { name = "triton" },
]

[package.metadata]
requires-dist = [{ name = "triton", specifier = ">=3.5.0" }]

[[package]]
name = "triton"
version = "3.5.0"
source = { registry = "https://pypi.org/simple" }
wheels = [
    { url = "https://files.pythonhosted.org/packages/79/f9/b6f60f978397c616fd8dacca2305759fe4f80d397b20ef72534803244bd5/triton-3.5.0-cp311-cp311-manylinux_2_27_aarch64.manylinux_2_28_aarch64.whl", hash = "sha256:8457b22148defefdcb7fa8144b05ce211b9faefad650a1ce85b23df488d5549c", size = 159926731 },
    { url = "https://files.pythonhosted.org/packages/3d/78/949a04391c21956c816523678f0e5fa308eb5b1e7622d88c4e4ef5fceca0/triton-3.5.0-cp311-cp311-manylinux_2_27_x86_64.manylinux_2_28_x86_64.whl", hash = "sha256:f34bfa21c5b3a203c0f0eab28dcc1e49bd1f67d22724e77fb6665a659200a4ec", size = 170433488 },
    { url = "https://files.pythonhosted.org/packages/87/9b/30988039e1e84df7554fba24e6a734d2d0e847af33cabdf9b532b3c51456/triton-3.5.0-cp312-cp312-manylinux_2_27_aarch64.manylinux_2_28_aarch64.whl", hash = "sha256:7da21fccceafc163e3a5e857abe34351ef76345af06cabf9637a914742671f0b", size = 159946647 },
    { url = "https://files.pythonhosted.org/packages/f5/3a/e991574f3102147b642e49637e0281e9bb7c4ba254edb2bab78247c85e01/triton-3.5.0-cp312-cp312-manylinux_2_27_x86_64.manylinux_2_28_x86_64.whl", hash = "sha256:c9e71db82261c4ffa3921cd050cd5faa18322d2d405c30eb56084afaff3b0833", size = 170476535 },
    { url = "https://files.pythonhosted.org/packages/cd/85/e37f1197acb04c8f3d83851d23d5d6ed5060ef74580668b112e23fdfa203/triton-3.5.0-cp313-cp313-manylinux_2_27_aarch64.manylinux_2_28_aarch64.whl", hash = "sha256:188da5b81fa2f8322c27fec1627703eac24cb9bb7ab0dfbe9925973bc1b070d3", size = 159958970 },
    { url = "https://files.pythonhosted.org/packages/6c/29/10728de8a6e932e517c10773486b8e99f85d1b1d9dd87d9a9616e1fef4a1/triton-3.5.0-cp313-cp313-manylinux_2_27_x86_64.manylinux_2_28_x86_64.whl", hash = "sha256:e6bb9aa5519c084a333acdba443789e50012a4b851cd486c54f0b8dc2a8d3a12", size = 170487289 },
    { url = "https://files.pythonhosted.org/packages/b8/1d/38258f05010ac17a7b058c022911c9cae6526e149b7397134a048cf5a6c2/triton-3.5.0-cp313-cp313t-manylinux_2_27_aarch64.manylinux_2_28_aarch64.whl", hash = "sha256:03127d9b33aaf979c856676b394bc059ec1d68cb6da68ae03f62dd8ad77a04ae", size = 160073012 },
    { url = "https://files.pythonhosted.org/packages/5c/38/db80e48b9220c9bce872b0f616ad0446cdf554a40b85c7865cbca99ab3c2/triton-3.5.0-cp313-cp313t-manylinux_2_27_x86_64.manylinux_2_28_x86_64.whl", hash = "sha256:c83f2343e1a220a716c7b3ab9fccfcbe3ad4020d189549200e2d2e8d5868bed9", size = 170577179 },
    { url = "https://files.pythonhosted.org/packages/91/fe/8f5771d00227f4eb1ee034f218ed427102b989366d2275fe3b3c105a3921/triton-3.5.0-cp314-cp314-manylinux_2_27_aarch64.manylinux_2_28_aarch64.whl", hash = "sha256:468936651d383f4a6d10068d34a627505e13af55be5d002b9f27b987e7a5f0ac", size = 159957460 },
    { url = "https://files.pythonhosted.org/packages/ff/60/1810655d1d856c9a4fcc90ee8966d85f552d98c53a6589f95ab2cbe27bb8/triton-3.5.0-cp314-cp314-manylinux_2_27_x86_64.manylinux_2_28_x86_64.whl", hash = "sha256:da0fa67ccd76c3dcfb0bffe1b1c57c685136a6bd33d141c24d9655d4185b1289", size = 170487949 },
    { url = "https://files.pythonhosted.org/packages/78/59/99edd103958fe6e42b50b9ad8ce4f223ddf4ccf475259cf7d2b53381dc6c/triton-3.5.0-cp314-cp314t-manylinux_2_27_aarch64.manylinux_2_28_aarch64.whl", hash = "sha256:c7ceef21410229ac23173a28eee5cfc0e37c1dfdb8b4bc11ecda2e3ecec7c686", size = 160075629 },
    { url = "https://files.pythonhosted.org/packages/fb/b7/1dec8433ac604c061173d0589d99217fe7bf90a70bdc375e745d044b8aad/triton-3.5.0-cp314-cp314t-manylinux_2_27_x86_64.manylinux_2_28_x86_64.whl", hash = "sha256:317fe477ea8fd4524a6a8c499fb0a36984a56d0b75bf9c9cb6133a1c56d5a6e7", size = 170580176 },
]
